
Microsoft Visual Studio Solution File, Format Version 12.00
# Visual Studio Version 16
VisualStudioVersion = 25.0.1706.7
MinimumVisualStudioVersion = 10.0.40219.1
Project("{FAE04EC0-301F-11D3-BF4B-00C04F79EFBC}") = "Net-Avanzado", "Net-Avanzado\Net-Avanzado.csproj", "{A24BA512-C3CD-4415-82F1-1FDCAEDC634D}"
EndProject
Project("{FAE04EC0-301F-11D3-BF4B-00C04F79EFBC}") = "HttpClient", "HttpClient\HttpClient.csproj", "{9F29519B-3F15-43B0-A376-49587ADFD57A}"
EndProject
Project("{FAE04EC0-301F-11D3-BF4B-00C04F79EFBC}") = "Translations", "Translations\Translations.csproj", "{88289327-383C-4820-A3B8-910AB41B0FFB}"
EndProject
Project("{FAE04EC0-301F-11D3-BF4B-00C04F79EFBC}") = "BackEnd", "BackEnd\BackEnd.csproj", "{B7174B70-9126-4891-946E-E070DE235DC4}"
EndProject
Project("{2150E333-8FDC-42A3-9474-1A3956D46DE8}") = "Elementos de la solución", "Elementos de la solución", "{0758B397-7E5A-4947-96F9-CC9BE028D469}"
	ProjectSection(SolutionItems) = preProject
		.editorconfig = .editorconfig
	EndProjectSection
EndProject
Project("{FAE04EC0-301F-11D3-BF4B-00C04F79EFBC}") = "ChatServer", "ChatServer\ChatServer.csproj", "{AD9104A6-224B-4CA2-AFD1-9198E61EA8E8}"
EndProject
Project("{FAE04EC0-301F-11D3-BF4B-00C04F79EFBC}") = "ChatCliente", "ChatCliente\ChatCliente.csproj", "{B03498CA-038F-4347-8ADA-2CF5D8898C8F}"
EndProject
Project("{FAE04EC0-301F-11D3-BF4B-00C04F79EFBC}") = "CamparaObjetos", "CamparaObjetos\CamparaObjetos.csproj", "{02A859DA-885F-4CA7-AF56-AEB755A0C387}"
EndProject
Project("{FAE04EC0-301F-11D3-BF4B-00C04F79EFBC}") = "Log", "Log\Log.csproj", "{E98F51A7-9B88-406D-A9EC-6CE51AF6E931}"
EndProject
Global
	GlobalSection(SolutionConfigurationPlatforms) = preSolution
		Debug|Any CPU = Debug|Any CPU
		Release|Any CPU = Release|Any CPU
	EndGlobalSection
	GlobalSection(ProjectConfigurationPlatforms) = postSolution
		{A24BA512-C3CD-4415-82F1-1FDCAEDC634D}.Debug|Any CPU.ActiveCfg = Debug|Any CPU
		{A24BA512-C3CD-4415-82F1-1FDCAEDC634D}.Debug|Any CPU.Build.0 = Debug|Any CPU
		{A24BA512-C3CD-4415-82F1-1FDCAEDC634D}.Release|Any CPU.ActiveCfg = Release|Any CPU
		{A24BA512-C3CD-4415-82F1-1FDCAEDC634D}.Release|Any CPU.Build.0 = Release|Any CPU
		{9F29519B-3F15-43B0-A376-49587ADFD57A}.Debug|Any CPU.ActiveCfg = Debug|Any CPU
		{9F29519B-3F15-43B0-A376-49587ADFD57A}.Debug|Any CPU.Build.0 = Debug|Any CPU
		{9F29519B-3F15-43B0-A376-49587ADFD57A}.Release|Any CPU.ActiveCfg = Release|Any CPU
		{9F29519B-3F15-43B0-A376-49587ADFD57A}.Release|Any CPU.Build.0 = Release|Any CPU
		{88289327-383C-4820-A3B8-910AB41B0FFB}.Debug|Any CPU.ActiveCfg = Debug|Any CPU
		{88289327-383C-4820-A3B8-910AB41B0FFB}.Debug|Any CPU.Build.0 = Debug|Any CPU
		{88289327-383C-4820-A3B8-910AB41B0FFB}.Release|Any CPU.ActiveCfg = Release|Any CPU
		{88289327-383C-4820-A3B8-910AB41B0FFB}.Release|Any CPU.Build.0 = Release|Any CPU
		{B7174B70-9126-4891-946E-E070DE235DC4}.Debug|Any CPU.ActiveCfg = Debug|Any CPU
		{B7174B70-9126-4891-946E-E070DE235DC4}.Debug|Any CPU.Build.0 = Debug|Any CPU
		{B7174B70-9126-4891-946E-E070DE235DC4}.Release|Any CPU.ActiveCfg = Release|Any CPU
		{B7174B70-9126-4891-946E-E070DE235DC4}.Release|Any CPU.Build.0 = Release|Any CPU
		{AD9104A6-224B-4CA2-AFD1-9198E61EA8E8}.Debug|Any CPU.ActiveCfg = Debug|Any CPU
		{AD9104A6-224B-4CA2-AFD1-9198E61EA8E8}.Debug|Any CPU.Build.0 = Debug|Any CPU
		{AD9104A6-224B-4CA2-AFD1-9198E61EA8E8}.Release|Any CPU.ActiveCfg = Release|Any CPU
		{AD9104A6-224B-4CA2-AFD1-9198E61EA8E8}.Release|Any CPU.Build.0 = Release|Any CPU
		{B03498CA-038F-4347-8ADA-2CF5D8898C8F}.Debug|Any CPU.ActiveCfg = Debug|Any CPU
		{B03498CA-038F-4347-8ADA-2CF5D8898C8F}.Debug|Any CPU.Build.0 = Debug|Any CPU
		{B03498CA-038F-4347-8ADA-2CF5D8898C8F}.Release|Any CPU.ActiveCfg = Release|Any CPU
		{B03498CA-038F-4347-8ADA-2CF5D8898C8F}.Release|Any CPU.Build.0 = Release|Any CPU
		{02A859DA-885F-4CA7-AF56-AEB755A0C387}.Debug|Any CPU.ActiveCfg = Debug|Any CPU
		{02A859DA-885F-4CA7-AF56-AEB755A0C387}.Debug|Any CPU.Build.0 = Debug|Any CPU
		{02A859DA-885F-4CA7-AF56-AEB755A0C387}.Release|Any CPU.ActiveCfg = Release|Any CPU
		{02A859DA-885F-4CA7-AF56-AEB755A0C387}.Release|Any CPU.Build.0 = Release|Any CPU
		{E98F51A7-9B88-406D-A9EC-6CE51AF6E931}.Debug|Any CPU.ActiveCfg = Debug|Any CPU
		{E98F51A7-9B88-406D-A9EC-6CE51AF6E931}.Debug|Any CPU.Build.0 = Debug|Any CPU
		{E98F51A7-9B88-406D-A9EC-6CE51AF6E931}.Release|Any CPU.ActiveCfg = Release|Any CPU
		{E98F51A7-9B88-406D-A9EC-6CE51AF6E931}.Release|Any CPU.Build.0 = Release|Any CPU
	EndGlobalSection
	GlobalSection(SolutionProperties) = preSolution
		HideSolutionNode = FALSE
	EndGlobalSection
	GlobalSection(ExtensibilityGlobals) = postSolution
		SolutionGuid = {03349D0D-3580-4B29-924C-7DD68E8E8F4E}
	EndGlobalSection
EndGlobal
